
Microsoft Visual Studio Solution File, Format Version 12.00
# Visual Studio Version 17
VisualStudioVersion = 17.5.2.0
MinimumVisualStudioVersion = 10.0.40219.1
Project("{FAE04EC0-301F-11D3-BF4B-00C04F79EFBC}") = "EmailApp", "EmailApp.csproj", "{5F8D2F93-CB21-ABD5-F8AE-4BF7EDA3BFB5}"
EndProject
Project("{2150E333-8FDC-42A3-9474-1A3956D46DE8}") = "tools", "tools", "{07C2787E-EAC7-C090-1BA3-A61EC2A24D84}"
EndProject
Project("{2150E333-8FDC-42A3-9474-1A3956D46DE8}") = "windows", "windows", "{048B8CF0-1222-3193-E261-0360B16A6BB5}"
EndProject
Project("{FAE04EC0-301F-11D3-BF4B-00C04F79EFBC}") = "EmailApp.Installer", "tools\windows\EmailApp.Installer\EmailApp.Installer.csproj", "{D43CF20D-0663-439C-A369-E946E137650D}"
EndProject
Project("{FAE04EC0-301F-11D3-BF4B-00C04F79EFBC}") = "EmailApp.Uninstaller", "tools\windows\EmailApp.Uninstaller\EmailApp.Uninstaller.csproj", "{8587210A-2D24-42E4-9CC2-54EEA2C14668}"
EndProject
Global
	GlobalSection(SolutionConfigurationPlatforms) = preSolution
		Debug|Any CPU = Debug|Any CPU
		Debug|x64 = Debug|x64
		Debug|x86 = Debug|x86
		Release|Any CPU = Release|Any CPU
		Release|x64 = Release|x64
		Release|x86 = Release|x86
	EndGlobalSection
	GlobalSection(ProjectConfigurationPlatforms) = postSolution
		{5F8D2F93-CB21-ABD5-F8AE-4BF7EDA3BFB5}.Debug|Any CPU.ActiveCfg = Debug|Any CPU
		{5F8D2F93-CB21-ABD5-F8AE-4BF7EDA3BFB5}.Debug|Any CPU.Build.0 = Debug|Any CPU
		{5F8D2F93-CB21-ABD5-F8AE-4BF7EDA3BFB5}.Debug|x64.ActiveCfg = Debug|Any CPU
		{5F8D2F93-CB21-ABD5-F8AE-4BF7EDA3BFB5}.Debug|x64.Build.0 = Debug|Any CPU
		{5F8D2F93-CB21-ABD5-F8AE-4BF7EDA3BFB5}.Debug|x86.ActiveCfg = Debug|Any CPU
		{5F8D2F93-CB21-ABD5-F8AE-4BF7EDA3BFB5}.Debug|x86.Build.0 = Debug|Any CPU
		{5F8D2F93-CB21-ABD5-F8AE-4BF7EDA3BFB5}.Release|Any CPU.ActiveCfg = Release|Any CPU
		{5F8D2F93-CB21-ABD5-F8AE-4BF7EDA3BFB5}.Release|Any CPU.Build.0 = Release|Any CPU
		{5F8D2F93-CB21-ABD5-F8AE-4BF7EDA3BFB5}.Release|x64.ActiveCfg = Release|Any CPU
		{5F8D2F93-CB21-ABD5-F8AE-4BF7EDA3BFB5}.Release|x64.Build.0 = Release|Any CPU
		{5F8D2F93-CB21-ABD5-F8AE-4BF7EDA3BFB5}.Release|x86.ActiveCfg = Release|Any CPU
		{5F8D2F93-CB21-ABD5-F8AE-4BF7EDA3BFB5}.Release|x86.Build.0 = Release|Any CPU
		{D43CF20D-0663-439C-A369-E946E137650D}.Debug|Any CPU.ActiveCfg = Debug|Any CPU
		{D43CF20D-0663-439C-A369-E946E137650D}.Debug|Any CPU.Build.0 = Debug|Any CPU
		{D43CF20D-0663-439C-A369-E946E137650D}.Debug|x64.ActiveCfg = Debug|Any CPU
		{D43CF20D-0663-439C-A369-E946E137650D}.Debug|x64.Build.0 = Debug|Any CPU
		{D43CF20D-0663-439C-A369-E946E137650D}.Debug|x86.ActiveCfg = Debug|Any CPU
		{D43CF20D-0663-439C-A369-E946E137650D}.Debug|x86.Build.0 = Debug|Any CPU
		{D43CF20D-0663-439C-A369-E946E137650D}.Release|Any CPU.ActiveCfg = Release|Any CPU
		{D43CF20D-0663-439C-A369-E946E137650D}.Release|Any CPU.Build.0 = Release|Any CPU
		{D43CF20D-0663-439C-A369-E946E137650D}.Release|x64.ActiveCfg = Release|Any CPU
		{D43CF20D-0663-439C-A369-E946E137650D}.Release|x64.Build.0 = Release|Any CPU
		{D43CF20D-0663-439C-A369-E946E137650D}.Release|x86.ActiveCfg = Release|Any CPU
		{D43CF20D-0663-439C-A369-E946E137650D}.Release|x86.Build.0 = Release|Any CPU
		{8587210A-2D24-42E4-9CC2-54EEA2C14668}.Debug|Any CPU.ActiveCfg = Debug|Any CPU
		{8587210A-2D24-42E4-9CC2-54EEA2C14668}.Debug|Any CPU.Build.0 = Debug|Any CPU
		{8587210A-2D24-42E4-9CC2-54EEA2C14668}.Debug|x64.ActiveCfg = Debug|Any CPU
		{8587210A-2D24-42E4-9CC2-54EEA2C14668}.Debug|x64.Build.0 = Debug|Any CPU
		{8587210A-2D24-42E4-9CC2-54EEA2C14668}.Debug|x86.ActiveCfg = Debug|Any CPU
		{8587210A-2D24-42E4-9CC2-54EEA2C14668}.Debug|x86.Build.0 = Debug|Any CPU
		{8587210A-2D24-42E4-9CC2-54EEA2C14668}.Release|Any CPU.ActiveCfg = Release|Any CPU
		{8587210A-2D24-42E4-9CC2-54EEA2C14668}.Release|Any CPU.Build.0 = Release|Any CPU
		{8587210A-2D24-42E4-9CC2-54EEA2C14668}.Release|x64.ActiveCfg = Release|Any CPU
		{8587210A-2D24-42E4-9CC2-54EEA2C14668}.Release|x64.Build.0 = Release|Any CPU
		{8587210A-2D24-42E4-9CC2-54EEA2C14668}.Release|x86.ActiveCfg = Release|Any CPU
		{8587210A-2D24-42E4-9CC2-54EEA2C14668}.Release|x86.Build.0 = Release|Any CPU
	EndGlobalSection
	GlobalSection(SolutionProperties) = preSolution
		HideSolutionNode = FALSE
	EndGlobalSection
	GlobalSection(NestedProjects) = preSolution
		{048B8CF0-1222-3193-E261-0360B16A6BB5} = {07C2787E-EAC7-C090-1BA3-A61EC2A24D84}
		{D43CF20D-0663-439C-A369-E946E137650D} = {048B8CF0-1222-3193-E261-0360B16A6BB5}
		{8587210A-2D24-42E4-9CC2-54EEA2C14668} = {048B8CF0-1222-3193-E261-0360B16A6BB5}
	EndGlobalSection
	GlobalSection(ExtensibilityGlobals) = postSolution
		SolutionGuid = {F8FEE9B3-D10C-4924-9739-CD831540DBAC}
	EndGlobalSection
EndGlobal
